
Microsoft Visual Studio Solution File, Format Version 12.00
# Visual Studio Version 16
VisualStudioVersion = 16.0.31313.79
MinimumVisualStudioVersion = 10.0.40219.1
Project("{FAE04EC0-301F-11D3-BF4B-00C04F79EFBC}") = "ClassRoster", "ClassRoster.csproj", "{C14CD1D0-595F-4D70-8397-D82895344A4D}"
EndProject
Global
	GlobalSection(SolutionConfigurationPlatforms) = preSolution
		Debug|Any CPU = Debug|Any CPU
		Release|Any CPU = Release|Any CPU
	EndGlobalSection
	GlobalSection(ProjectConfigurationPlatforms) = postSolution
		{C14CD1D0-595F-4D70-8397-D82895344A4D}.Debug|Any CPU.ActiveCfg = Debug|Any CPU
		{C14CD1D0-595F-4D70-8397-D82895344A4D}.Debug|Any CPU.Build.0 = Debug|Any CPU
		{C14CD1D0-595F-4D70-8397-D82895344A4D}.Release|Any CPU.ActiveCfg = Release|Any CPU
		{C14CD1D0-595F-4D70-8397-D82895344A4D}.Release|Any CPU.Build.0 = Release|Any CPU
	EndGlobalSection
	GlobalSection(SolutionProperties) = preSolution
		HideSolutionNode = FALSE
	EndGlobalSection
	GlobalSection(ExtensibilityGlobals) = postSolution
		SolutionGuid = {81F2DD24-6E91-4E23-9645-F0DA07E6852B}
	EndGlobalSection
EndGlobal
