
Microsoft Visual Studio Solution File, Format Version 12.00
# Visual Studio Version 16
VisualStudioVersion = 16.0.31313.79
MinimumVisualStudioVersion = 10.0.40219.1
Project("{FAE04EC0-301F-11D3-BF4B-00C04F79EFBC}") = "Calculator", "Calculator.csproj", "{51E03CC1-3AD2-4DE0-9903-C5F537321D87}"
EndProject
Global
	GlobalSection(SolutionConfigurationPlatforms) = preSolution
		Debug|Any CPU = Debug|Any CPU
		Release|Any CPU = Release|Any CPU
	EndGlobalSection
	GlobalSection(ProjectConfigurationPlatforms) = postSolution
		{51E03CC1-3AD2-4DE0-9903-C5F537321D87}.Debug|Any CPU.ActiveCfg = Debug|Any CPU
		{51E03CC1-3AD2-4DE0-9903-C5F537321D87}.Debug|Any CPU.Build.0 = Debug|Any CPU
		{51E03CC1-3AD2-4DE0-9903-C5F537321D87}.Release|Any CPU.ActiveCfg = Release|Any CPU
		{51E03CC1-3AD2-4DE0-9903-C5F537321D87}.Release|Any CPU.Build.0 = Release|Any CPU
	EndGlobalSection
	GlobalSection(SolutionProperties) = preSolution
		HideSolutionNode = FALSE
	EndGlobalSection
	GlobalSection(ExtensibilityGlobals) = postSolution
		SolutionGuid = {3B9E61F1-E4CD-46AA-8193-07E439EDF1DE}
	EndGlobalSection
EndGlobal
