
Microsoft Visual Studio Solution File, Format Version 12.00
# Visual Studio Version 16
VisualStudioVersion = 16.0.31313.79
MinimumVisualStudioVersion = 10.0.40219.1
Project("{FAE04EC0-301F-11D3-BF4B-00C04F79EFBC}") = "PricingEngineApp", "PricingEngineApp.csproj", "{A0611048-5850-4250-8FE7-544E5984ED1C}"
EndProject
Project("{FAE04EC0-301F-11D3-BF4B-00C04F79EFBC}") = "PricingEngineTests", "..\PricingEngineTests\PricingEngineTests.csproj", "{4376D64C-4064-488A-BEFF-05BAB0487361}"
EndProject
Global
	GlobalSection(SolutionConfigurationPlatforms) = preSolution
		Debug|Any CPU = Debug|Any CPU
		Release|Any CPU = Release|Any CPU
	EndGlobalSection
	GlobalSection(ProjectConfigurationPlatforms) = postSolution
		{A0611048-5850-4250-8FE7-544E5984ED1C}.Debug|Any CPU.ActiveCfg = Debug|Any CPU
		{A0611048-5850-4250-8FE7-544E5984ED1C}.Debug|Any CPU.Build.0 = Debug|Any CPU
		{A0611048-5850-4250-8FE7-544E5984ED1C}.Release|Any CPU.ActiveCfg = Release|Any CPU
		{A0611048-5850-4250-8FE7-544E5984ED1C}.Release|Any CPU.Build.0 = Release|Any CPU
		{4376D64C-4064-488A-BEFF-05BAB0487361}.Debug|Any CPU.ActiveCfg = Debug|Any CPU
		{4376D64C-4064-488A-BEFF-05BAB0487361}.Debug|Any CPU.Build.0 = Debug|Any CPU
		{4376D64C-4064-488A-BEFF-05BAB0487361}.Release|Any CPU.ActiveCfg = Release|Any CPU
		{4376D64C-4064-488A-BEFF-05BAB0487361}.Release|Any CPU.Build.0 = Release|Any CPU
	EndGlobalSection
	GlobalSection(SolutionProperties) = preSolution
		HideSolutionNode = FALSE
	EndGlobalSection
	GlobalSection(ExtensibilityGlobals) = postSolution
		SolutionGuid = {9481A99A-9EDD-4077-8C75-D0BB731CE35B}
	EndGlobalSection
EndGlobal
