
Microsoft Visual Studio Solution File, Format Version 12.00
# Visual Studio Version 16
VisualStudioVersion = 16.0.31313.79
MinimumVisualStudioVersion = 10.0.40219.1
Project("{FAE04EC0-301F-11D3-BF4B-00C04F79EFBC}") = "IocExample", "IocExample.csproj", "{905BB8E0-0AD8-45A7-BAA6-5DA46823A0FC}"
EndProject
Global
	GlobalSection(SolutionConfigurationPlatforms) = preSolution
		Debug|Any CPU = Debug|Any CPU
		Release|Any CPU = Release|Any CPU
	EndGlobalSection
	GlobalSection(ProjectConfigurationPlatforms) = postSolution
		{905BB8E0-0AD8-45A7-BAA6-5DA46823A0FC}.Debug|Any CPU.ActiveCfg = Debug|Any CPU
		{905BB8E0-0AD8-45A7-BAA6-5DA46823A0FC}.Debug|Any CPU.Build.0 = Debug|Any CPU
		{905BB8E0-0AD8-45A7-BAA6-5DA46823A0FC}.Release|Any CPU.ActiveCfg = Release|Any CPU
		{905BB8E0-0AD8-45A7-BAA6-5DA46823A0FC}.Release|Any CPU.Build.0 = Release|Any CPU
	EndGlobalSection
	GlobalSection(SolutionProperties) = preSolution
		HideSolutionNode = FALSE
	EndGlobalSection
	GlobalSection(ExtensibilityGlobals) = postSolution
		SolutionGuid = {806737B3-9A28-4D68-8D6F-5B4F33722953}
	EndGlobalSection
EndGlobal
